
Microsoft Visual Studio Solution File, Format Version 12.00
# Visual Studio 15
VisualStudioVersion = 15.0.28010.2026
MinimumVisualStudioVersion = 10.0.40219.1
Project("{FAE04EC0-301F-11D3-BF4B-00C04F79EFBC}") = "Dance_classes", "Dance_classes\Dance_classes.csproj", "{737FFFF5-E8F1-43A4-8940-BEA16957466C}"
EndProject
Global
	GlobalSection(SolutionConfigurationPlatforms) = preSolution
		Debug|Any CPU = Debug|Any CPU
		Release|Any CPU = Release|Any CPU
	EndGlobalSection
	GlobalSection(ProjectConfigurationPlatforms) = postSolution
		{737FFFF5-E8F1-43A4-8940-BEA16957466C}.Debug|Any CPU.ActiveCfg = Debug|Any CPU
		{737FFFF5-E8F1-43A4-8940-BEA16957466C}.Debug|Any CPU.Build.0 = Debug|Any CPU
		{737FFFF5-E8F1-43A4-8940-BEA16957466C}.Release|Any CPU.ActiveCfg = Release|Any CPU
		{737FFFF5-E8F1-43A4-8940-BEA16957466C}.Release|Any CPU.Build.0 = Release|Any CPU
	EndGlobalSection
	GlobalSection(SolutionProperties) = preSolution
		HideSolutionNode = FALSE
	EndGlobalSection
	GlobalSection(ExtensibilityGlobals) = postSolution
		SolutionGuid = {DBF05DC6-8F20-4D35-BECB-0EFF691EF72F}
	EndGlobalSection
EndGlobal
